Microsoft Visual Studio Solution File, Format Version 12.00
# Visual Studio Version 17
VisualStudioVersion = 17.5.2.0
MinimumVisualStudioVersion = 10.0.40219.1
Project("{2150E333-8FDC-42A3-9474-1A3956D46DE8}") = "src", "src", "{827E0CD3-B72D-47B6-A68D-7590B98EB39B}"
EndProject
Project("{2150E333-8FDC-42A3-9474-1A3956D46DE8}") = "tests", "tests", "{0AB3BF05-4346-4AA6-1389-037BE0695223}"
EndProject
Project("{FAE04EC0-301F-11D3-BF4B-00C04F79EFBC}") = "eShop.BLL", "src\eShop.BLL\eShop.BLL.csproj", "{E3B37147-73A0-209B-548B-D0BB2AC086FC}"
EndProject
Project("{FAE04EC0-301F-11D3-BF4B-00C04F79EFBC}") = "eShop.Core", "src\eShop.Core\eShop.Core.csproj", "{15F661EE-8FCE-24DF-AB36-6FAF11B220FC}"
EndProject
Project("{FAE04EC0-301F-11D3-BF4B-00C04F79EFBC}") = "eShop.DAL", "src\eShop.DAL\eShop.DAL.csproj", "{ECC93BC0-D187-61AF-33EE-588A97C728B4}"
EndProject
Project("{FAE04EC0-301F-11D3-BF4B-00C04F79EFBC}") = "eShop.MVC", "src\eShop.MVC\eShop.MVC.csproj", "{514C3A62-047E-AA10-F779-223BD8FBD59D}"
EndProject
Project("{2150E333-8FDC-42A3-9474-1A3956D46DE8}") = "unit", "unit", "{9D556B49-86D1-93A7-9596-FFAAB74EC556}"
EndProject
Project("{FAE04EC0-301F-11D3-BF4B-00C04F79EFBC}") = "eShop.BLL.Tests", "tests\unit\eShop.BLL.Tests\eShop.BLL.Tests.csproj", "{E274B0A7-6BEA-4DF7-1E92-C79B9BDB8E4C}"
EndProject
Global
	GlobalSection(SolutionConfigurationPlatforms) = preSolution
		Debug|Any CPU = Debug|Any CPU
		Release|Any CPU = Release|Any CPU
	EndGlobalSection
	GlobalSection(ProjectConfigurationPlatforms) = postSolution
		{E3B37147-73A0-209B-548B-D0BB2AC086FC}.Debug|Any CPU.ActiveCfg = Debug|Any CPU
		{E3B37147-73A0-209B-548B-D0BB2AC086FC}.Debug|Any CPU.Build.0 = Debug|Any CPU
		{E3B37147-73A0-209B-548B-D0BB2AC086FC}.Release|Any CPU.ActiveCfg = Release|Any CPU
		{E3B37147-73A0-209B-548B-D0BB2AC086FC}.Release|Any CPU.Build.0 = Release|Any CPU
		{15F661EE-8FCE-24DF-AB36-6FAF11B220FC}.Debug|Any CPU.ActiveCfg = Debug|Any CPU
		{15F661EE-8FCE-24DF-AB36-6FAF11B220FC}.Debug|Any CPU.Build.0 = Debug|Any CPU
		{15F661EE-8FCE-24DF-AB36-6FAF11B220FC}.Release|Any CPU.ActiveCfg = Release|Any CPU
		{15F661EE-8FCE-24DF-AB36-6FAF11B220FC}.Release|Any CPU.Build.0 = Release|Any CPU
		{ECC93BC0-D187-61AF-33EE-588A97C728B4}.Debug|Any CPU.ActiveCfg = Debug|Any CPU
		{ECC93BC0-D187-61AF-33EE-588A97C728B4}.Debug|Any CPU.Build.0 = Debug|Any CPU
		{ECC93BC0-D187-61AF-33EE-588A97C728B4}.Release|Any CPU.ActiveCfg = Release|Any CPU
		{ECC93BC0-D187-61AF-33EE-588A97C728B4}.Release|Any CPU.Build.0 = Release|Any CPU
		{514C3A62-047E-AA10-F779-223BD8FBD59D}.Debug|Any CPU.ActiveCfg = Debug|Any CPU
		{514C3A62-047E-AA10-F779-223BD8FBD59D}.Debug|Any CPU.Build.0 = Debug|Any CPU
		{514C3A62-047E-AA10-F779-223BD8FBD59D}.Release|Any CPU.ActiveCfg = Release|Any CPU
		{514C3A62-047E-AA10-F779-223BD8FBD59D}.Release|Any CPU.Build.0 = Release|Any CPU
		{E274B0A7-6BEA-4DF7-1E92-C79B9BDB8E4C}.Debug|Any CPU.ActiveCfg = Debug|Any CPU
		{E274B0A7-6BEA-4DF7-1E92-C79B9BDB8E4C}.Debug|Any CPU.Build.0 = Debug|Any CPU
		{E274B0A7-6BEA-4DF7-1E92-C79B9BDB8E4C}.Release|Any CPU.ActiveCfg = Release|Any CPU
		{E274B0A7-6BEA-4DF7-1E92-C79B9BDB8E4C}.Release|Any CPU.Build.0 = Release|Any CPU
	EndGlobalSection
	GlobalSection(SolutionProperties) = preSolution
		HideSolutionNode = FALSE
	EndGlobalSection
	GlobalSection(NestedProjects) = preSolution
		{E3B37147-73A0-209B-548B-D0BB2AC086FC} = {827E0CD3-B72D-47B6-A68D-7590B98EB39B}
		{15F661EE-8FCE-24DF-AB36-6FAF11B220FC} = {827E0CD3-B72D-47B6-A68D-7590B98EB39B}
		{ECC93BC0-D187-61AF-33EE-588A97C728B4} = {827E0CD3-B72D-47B6-A68D-7590B98EB39B}
		{514C3A62-047E-AA10-F779-223BD8FBD59D} = {827E0CD3-B72D-47B6-A68D-7590B98EB39B}
		{9D556B49-86D1-93A7-9596-FFAAB74EC556} = {0AB3BF05-4346-4AA6-1389-037BE0695223}
		{E274B0A7-6BEA-4DF7-1E92-C79B9BDB8E4C} = {9D556B49-86D1-93A7-9596-FFAAB74EC556}
	EndGlobalSection
	GlobalSection(ExtensibilityGlobals) = postSolution
		SolutionGuid = {EDF671F3-A3E6-4996-9F07-02734CA30A90}
	EndGlobalSection
EndGlobal
