
Microsoft Visual Studio Solution File, Format Version 12.00
# Visual Studio Version 17
VisualStudioVersion = 17.6.33829.357
MinimumVisualStudioVersion = 10.0.40219.1
Project("{2150E333-8FDC-42A3-9474-1A3956D46DE8}") = "src", "src", "{827E0CD3-B72D-47B6-A68D-7590B98EB39B}"
EndProject
Project("{FAE04EC0-301F-11D3-BF4B-00C04F79EFBC}") = "eShop.BLL", "src\eShop.BLL\eShop.BLL.csproj", "{7BCFC344-4E6A-4D71-92BA-CCF9E952CBCB}"
EndProject
Project("{FAE04EC0-301F-11D3-BF4B-00C04F79EFBC}") = "eShop.Core", "src\eShop.Core\eShop.Core.csproj", "{267254A5-E0AE-42E6-AF9E-E9998E441C42}"
EndProject
Project("{FAE04EC0-301F-11D3-BF4B-00C04F79EFBC}") = "eShop.MVC", "src\eShop.MVC\eShop.MVC.csproj", "{8AC3878E-5F7E-464D-BD18-016E77E906BF}"
EndProject
Project("{FAE04EC0-301F-11D3-BF4B-00C04F79EFBC}") = "eShop.DAL", "src\eShop.DAL\eShop.DAL.csproj", "{2BE8CD9C-EA37-4373-94CE-D82CF75FAD7C}"
EndProject
Project("{2150E333-8FDC-42A3-9474-1A3956D46DE8}") = "tests", "tests", "{0AB3BF05-4346-4AA6-1389-037BE0695223}"
EndProject
Project("{2150E333-8FDC-42A3-9474-1A3956D46DE8}") = "unit", "unit", "{9D556B49-86D1-93A7-9596-FFAAB74EC556}"
EndProject
Project("{FAE04EC0-301F-11D3-BF4B-00C04F79EFBC}") = "eShop.BLL.Tests", "tests\unit\eShop.BLL.Tests\eShop.BLL.Tests.csproj", "{CB3641D7-3EA3-40DD-B8FA-72A60E2A7301}"
EndProject
Global
	GlobalSection(SolutionConfigurationPlatforms) = preSolution
		Debug|Any CPU = Debug|Any CPU
		Debug|x64 = Debug|x64
		Debug|x86 = Debug|x86
		Release|Any CPU = Release|Any CPU
		Release|x64 = Release|x64
		Release|x86 = Release|x86
	EndGlobalSection
	GlobalSection(ProjectConfigurationPlatforms) = postSolution
		{7BCFC344-4E6A-4D71-92BA-CCF9E952CBCB}.Debug|Any CPU.ActiveCfg = Debug|Any CPU
		{7BCFC344-4E6A-4D71-92BA-CCF9E952CBCB}.Debug|Any CPU.Build.0 = Debug|Any CPU
		{7BCFC344-4E6A-4D71-92BA-CCF9E952CBCB}.Debug|x64.ActiveCfg = Debug|Any CPU
		{7BCFC344-4E6A-4D71-92BA-CCF9E952CBCB}.Debug|x64.Build.0 = Debug|Any CPU
		{7BCFC344-4E6A-4D71-92BA-CCF9E952CBCB}.Debug|x86.ActiveCfg = Debug|Any CPU
		{7BCFC344-4E6A-4D71-92BA-CCF9E952CBCB}.Debug|x86.Build.0 = Debug|Any CPU
		{7BCFC344-4E6A-4D71-92BA-CCF9E952CBCB}.Release|Any CPU.ActiveCfg = Release|Any CPU
		{7BCFC344-4E6A-4D71-92BA-CCF9E952CBCB}.Release|Any CPU.Build.0 = Release|Any CPU
		{7BCFC344-4E6A-4D71-92BA-CCF9E952CBCB}.Release|x64.ActiveCfg = Release|Any CPU
		{7BCFC344-4E6A-4D71-92BA-CCF9E952CBCB}.Release|x64.Build.0 = Release|Any CPU
		{7BCFC344-4E6A-4D71-92BA-CCF9E952CBCB}.Release|x86.ActiveCfg = Release|Any CPU
		{7BCFC344-4E6A-4D71-92BA-CCF9E952CBCB}.Release|x86.Build.0 = Release|Any CPU
		{267254A5-E0AE-42E6-AF9E-E9998E441C42}.Debug|Any CPU.ActiveCfg = Debug|Any CPU
		{267254A5-E0AE-42E6-AF9E-E9998E441C42}.Debug|Any CPU.Build.0 = Debug|Any CPU
		{267254A5-E0AE-42E6-AF9E-E9998E441C42}.Debug|x64.ActiveCfg = Debug|Any CPU
		{267254A5-E0AE-42E6-AF9E-E9998E441C42}.Debug|x64.Build.0 = Debug|Any CPU
		{267254A5-E0AE-42E6-AF9E-E9998E441C42}.Debug|x86.ActiveCfg = Debug|Any CPU
		{267254A5-E0AE-42E6-AF9E-E9998E441C42}.Debug|x86.Build.0 = Debug|Any CPU
		{267254A5-E0AE-42E6-AF9E-E9998E441C42}.Release|Any CPU.ActiveCfg = Release|Any CPU
		{267254A5-E0AE-42E6-AF9E-E9998E441C42}.Release|Any CPU.Build.0 = Release|Any CPU
		{267254A5-E0AE-42E6-AF9E-E9998E441C42}.Release|x64.ActiveCfg = Release|Any CPU
		{267254A5-E0AE-42E6-AF9E-E9998E441C42}.Release|x64.Build.0 = Release|Any CPU
		{267254A5-E0AE-42E6-AF9E-E9998E441C42}.Release|x86.ActiveCfg = Release|Any CPU
		{267254A5-E0AE-42E6-AF9E-E9998E441C42}.Release|x86.Build.0 = Release|Any CPU
		{8AC3878E-5F7E-464D-BD18-016E77E906BF}.Debug|Any CPU.ActiveCfg = Debug|Any CPU
		{8AC3878E-5F7E-464D-BD18-016E77E906BF}.Debug|Any CPU.Build.0 = Debug|Any CPU
		{8AC3878E-5F7E-464D-BD18-016E77E906BF}.Debug|x64.ActiveCfg = Debug|Any CPU
		{8AC3878E-5F7E-464D-BD18-016E77E906BF}.Debug|x64.Build.0 = Debug|Any CPU
		{8AC3878E-5F7E-464D-BD18-016E77E906BF}.Debug|x86.ActiveCfg = Debug|Any CPU
		{8AC3878E-5F7E-464D-BD18-016E77E906BF}.Debug|x86.Build.0 = Debug|Any CPU
		{8AC3878E-5F7E-464D-BD18-016E77E906BF}.Release|Any CPU.ActiveCfg = Release|Any CPU
		{8AC3878E-5F7E-464D-BD18-016E77E906BF}.Release|Any CPU.Build.0 = Release|Any CPU
		{8AC3878E-5F7E-464D-BD18-016E77E906BF}.Release|x64.ActiveCfg = Release|Any CPU
		{8AC3878E-5F7E-464D-BD18-016E77E906BF}.Release|x64.Build.0 = Release|Any CPU
		{8AC3878E-5F7E-464D-BD18-016E77E906BF}.Release|x86.ActiveCfg = Release|Any CPU
		{8AC3878E-5F7E-464D-BD18-016E77E906BF}.Release|x86.Build.0 = Release|Any CPU
		{2BE8CD9C-EA37-4373-94CE-D82CF75FAD7C}.Debug|Any CPU.ActiveCfg = Debug|Any CPU
		{2BE8CD9C-EA37-4373-94CE-D82CF75FAD7C}.Debug|Any CPU.Build.0 = Debug|Any CPU
		{2BE8CD9C-EA37-4373-94CE-D82CF75FAD7C}.Debug|x64.ActiveCfg = Debug|Any CPU
		{2BE8CD9C-EA37-4373-94CE-D82CF75FAD7C}.Debug|x64.Build.0 = Debug|Any CPU
		{2BE8CD9C-EA37-4373-94CE-D82CF75FAD7C}.Debug|x86.ActiveCfg = Debug|Any CPU
		{2BE8CD9C-EA37-4373-94CE-D82CF75FAD7C}.Debug|x86.Build.0 = Debug|Any CPU
		{2BE8CD9C-EA37-4373-94CE-D82CF75FAD7C}.Release|Any CPU.ActiveCfg = Release|Any CPU
		{2BE8CD9C-EA37-4373-94CE-D82CF75FAD7C}.Release|Any CPU.Build.0 = Release|Any CPU
		{2BE8CD9C-EA37-4373-94CE-D82CF75FAD7C}.Release|x64.ActiveCfg = Release|Any CPU
		{2BE8CD9C-EA37-4373-94CE-D82CF75FAD7C}.Release|x64.Build.0 = Release|Any CPU
		{2BE8CD9C-EA37-4373-94CE-D82CF75FAD7C}.Release|x86.ActiveCfg = Release|Any CPU
		{2BE8CD9C-EA37-4373-94CE-D82CF75FAD7C}.Release|x86.Build.0 = Release|Any CPU
		{CB3641D7-3EA3-40DD-B8FA-72A60E2A7301}.Debug|Any CPU.ActiveCfg = Debug|Any CPU
		{CB3641D7-3EA3-40DD-B8FA-72A60E2A7301}.Debug|Any CPU.Build.0 = Debug|Any CPU
		{CB3641D7-3EA3-40DD-B8FA-72A60E2A7301}.Debug|x64.ActiveCfg = Debug|Any CPU
		{CB3641D7-3EA3-40DD-B8FA-72A60E2A7301}.Debug|x64.Build.0 = Debug|Any CPU
		{CB3641D7-3EA3-40DD-B8FA-72A60E2A7301}.Debug|x86.ActiveCfg = Debug|Any CPU
		{CB3641D7-3EA3-40DD-B8FA-72A60E2A7301}.Debug|x86.Build.0 = Debug|Any CPU
		{CB3641D7-3EA3-40DD-B8FA-72A60E2A7301}.Release|Any CPU.ActiveCfg = Release|Any CPU
		{CB3641D7-3EA3-40DD-B8FA-72A60E2A7301}.Release|Any CPU.Build.0 = Release|Any CPU
		{CB3641D7-3EA3-40DD-B8FA-72A60E2A7301}.Release|x64.ActiveCfg = Release|Any CPU
		{CB3641D7-3EA3-40DD-B8FA-72A60E2A7301}.Release|x64.Build.0 = Release|Any CPU
		{CB3641D7-3EA3-40DD-B8FA-72A60E2A7301}.Release|x86.ActiveCfg = Release|Any CPU
		{CB3641D7-3EA3-40DD-B8FA-72A60E2A7301}.Release|x86.Build.0 = Release|Any CPU
	EndGlobalSection
	GlobalSection(SolutionProperties) = preSolution
		HideSolutionNode = FALSE
	EndGlobalSection
	GlobalSection(NestedProjects) = preSolution
		{7BCFC344-4E6A-4D71-92BA-CCF9E952CBCB} = {827E0CD3-B72D-47B6-A68D-7590B98EB39B}
		{267254A5-E0AE-42E6-AF9E-E9998E441C42} = {827E0CD3-B72D-47B6-A68D-7590B98EB39B}
		{8AC3878E-5F7E-464D-BD18-016E77E906BF} = {827E0CD3-B72D-47B6-A68D-7590B98EB39B}
		{2BE8CD9C-EA37-4373-94CE-D82CF75FAD7C} = {827E0CD3-B72D-47B6-A68D-7590B98EB39B}
		{9D556B49-86D1-93A7-9596-FFAAB74EC556} = {0AB3BF05-4346-4AA6-1389-037BE0695223}
		{CB3641D7-3EA3-40DD-B8FA-72A60E2A7301} = {9D556B49-86D1-93A7-9596-FFAAB74EC556}
	EndGlobalSection
	GlobalSection(ExtensibilityGlobals) = postSolution
		SolutionGuid = {C244345F-F9CF-498F-9BFF-1872466E4C6A}
	EndGlobalSection
EndGlobal
